
Microsoft Visual Studio Solution File, Format Version 12.00
# Visual Studio Version 17
VisualStudioVersion = 17.13.35806.99 d17.13
MinimumVisualStudioVersion = 10.0.40219.1
Project("{FAE04EC0-301F-11D3-BF4B-00C04F79EFBC}") = "Queue_HTML", "Queue_HTML\Queue_HTML.csproj", "{B9662F05-AC2E-4950-A174-5057AFFB8DCE}"
EndProject
Global
	GlobalSection(SolutionConfigurationPlatforms) = preSolution
		Debug|Any CPU = Debug|Any CPU
		Release|Any CPU = Release|Any CPU
	EndGlobalSection
	GlobalSection(ProjectConfigurationPlatforms) = postSolution
		{B9662F05-AC2E-4950-A174-5057AFFB8DCE}.Debug|Any CPU.ActiveCfg = Debug|Any CPU
		{B9662F05-AC2E-4950-A174-5057AFFB8DCE}.Debug|Any CPU.Build.0 = Debug|Any CPU
		{B9662F05-AC2E-4950-A174-5057AFFB8DCE}.Release|Any CPU.ActiveCfg = Release|Any CPU
		{B9662F05-AC2E-4950-A174-5057AFFB8DCE}.Release|Any CPU.Build.0 = Release|Any CPU
	EndGlobalSection
	GlobalSection(SolutionProperties) = preSolution
		HideSolutionNode = FALSE
	EndGlobalSection
	GlobalSection(ExtensibilityGlobals) = postSolution
		SolutionGuid = {FF8568AA-883A-4584-A61A-693372009D5A}
	EndGlobalSection
EndGlobal
